// !$*UTF8*$!
{
	archiveVersion = 1;
	classes = {
	};
	objectVersion = 55;
	objects = {

/* Begin PBXBuildFile section */
		CE9AD4B227A2CE7C00E97143 /* UserDefaults+Local.swift in Sources */ = {isa = PBXBuildFile; fileRef = CE9AD4B127A2CE7C00E97143 /* UserDefaults+Local.swift */; };
		CEAD8FCF279D5D6300B3C931 /* AppDelegate.swift in Sources */ = {isa = PBXBuildFile; fileRef = CEAD8FCE279D5D6300B3C931 /* AppDelegate.swift */; };
		CEAD8FD1279D5D6300B3C931 /* SceneDelegate.swift in Sources */ = {isa = PBXBuildFile; fileRef = CEAD8FD0279D5D6300B3C931 /* SceneDelegate.swift */; };
		CEAD8FD3279D5D6300B3C931 /* ViewController.swift in Sources */ = {isa = PBXBuildFile; fileRef = CEAD8FD2279D5D6300B3C931 /* ViewController.swift */; };
		CEAD8FD6279D5D6300B3C931 /* Main.storyboard in Resources */ = {isa = PBXBuildFile; fileRef = CEAD8FD4279D5D6300B3C931 /* Main.storyboard */; };
		CEAD8FD8279D5D6500B3C931 /* Assets.xcassets in Resources */ = {isa = PBXBuildFile; fileRef = CEAD8FD7279D5D6500B3C931 /* Assets.xcassets */; };
		CEAD8FDB279D5D6500B3C931 /* LaunchScreen.storyboard in Resources */ = {isa = PBXBuildFile; fileRef = CEAD8FD9279D5D6500B3C931 /* LaunchScreen.storyboard */; };
		CEAD8FE3279D618900B3C931 /* Coordinator.swift in Sources */ = {isa = PBXBuildFile; fileRef = CEAD8FE2279D618900B3C931 /* Coordinator.swift */; };
		CEAD8FE5279D61FF00B3C931 /* Stroyboarded.swift in Sources */ = {isa = PBXBuildFile; fileRef = CEAD8FE4279D61FF00B3C931 /* Stroyboarded.swift */; };
		CEAD8FE7279D63B000B3C931 /* MainCoordinator.swift in Sources */ = {isa = PBXBuildFile; fileRef = CEAD8FE6279D63B000B3C931 /* MainCoordinator.swift */; };
		CEAD8FE9279D67F100B3C931 /* ProfileViewController.swift in Sources */ = {isa = PBXBuildFile; fileRef = CEAD8FE8279D67F100B3C931 /* ProfileViewController.swift */; };
		CED4D36F27FA248B0091E446 /* MainTabBarController.swift in Sources */ = {isa = PBXBuildFile; fileRef = CED4D36E27FA248B0091E446 /* MainTabBarController.swift */; };
		CED4D37127FA25C00091E446 /* MenuViewController.swift in Sources */ = {isa = PBXBuildFile; fileRef = CED4D37027FA25C00091E446 /* MenuViewController.swift */; };
		CED4D37327FA25E00091E446 /* FavoriteViewController.swift in Sources */ = {isa = PBXBuildFile; fileRef = CED4D37227FA25E00091E446 /* FavoriteViewController.swift */; };
		CED4D37527FA25FE0091E446 /* OrderHistoryViewController.swift in Sources */ = {isa = PBXBuildFile; fileRef = CED4D37427FA25FE0091E446 /* OrderHistoryViewController.swift */; };
		CED4D37727FA26150091E446 /* AboutViewController.swift in Sources */ = {isa = PBXBuildFile; fileRef = CED4D37627FA26150091E446 /* AboutViewController.swift */; };
/* End PBXBuildFile section */

/* Begin PBXFileReference section */
		CE9AD4B027A2C23A00E97143 /* House.entitlements */ = {isa = PBXFileReference; lastKnownFileType = text.plist.entitlements; path = House.entitlements; sourceTree = "<group>"; };
		CE9AD4B127A2CE7C00E97143 /* UserDefaults+Local.swift */ = {isa = PBXFileReference; lastKnownFileType = sourcecode.swift; path = "UserDefaults+Local.swift"; sourceTree = "<group>"; };
		CEAD8FCB279D5D6300B3C931 /* House.app */ = {isa = PBXFileReference; explicitFileType = wrapper.application; includeInIndex = 0; path = House.app; sourceTree = BUILT_PRODUCTS_DIR; };
		CEAD8FCE279D5D6300B3C931 /* AppDelegate.swift */ = {isa = PBXFileReference; lastKnownFileType = sourcecode.swift; path = AppDelegate.swift; sourceTree = "<group>"; };
		CEAD8FD0279D5D6300B3C931 /* SceneDelegate.swift */ = {isa = PBXFileReference; lastKnownFileType = sourcecode.swift; path = SceneDelegate.swift; sourceTree = "<group>"; };
		CEAD8FD2279D5D6300B3C931 /* ViewController.swift */ = {isa = PBXFileReference; lastKnownFileType = sourcecode.swift; path = ViewController.swift; sourceTree = "<group>"; };
		CEAD8FD5279D5D6300B3C931 /* Base */ = {isa = PBXFileReference; lastKnownFileType = file.storyboard; name = Base; path = Base.lproj/Main.storyboard; sourceTree = "<group>"; };
		CEAD8FD7279D5D6500B3C931 /* Assets.xcassets */ = {isa = PBXFileReference; lastKnownFileType = folder.assetcatalog; path = Assets.xcassets; sourceTree = "<group>"; };
		CEAD8FDA279D5D6500B3C931 /* Base */ = {isa = PBXFileReference; lastKnownFileType = file.storyboard; name = Base; path = Base.lproj/LaunchScreen.storyboard; sourceTree = "<group>"; };
		CEAD8FDC279D5D6500B3C931 /* Info.plist */ = {isa = PBXFileReference; lastKnownFileType = text.plist.xml; path = Info.plist; sourceTree = "<group>"; };
		CEAD8FE2279D618900B3C931 /* Coordinator.swift */ = {isa = PBXFileReference; lastKnownFileType = sourcecode.swift; path = Coordinator.swift; sourceTree = "<group>"; };
		CEAD8FE4279D61FF00B3C931 /* Stroyboarded.swift */ = {isa = PBXFileReference; lastKnownFileType = sourcecode.swift; path = Stroyboarded.swift; sourceTree = "<group>"; };
		CEAD8FE6279D63B000B3C931 /* MainCoordinator.swift */ = {isa = PBXFileReference; lastKnownFileType = sourcecode.swift; path = MainCoordinator.swift; sourceTree = "<group>"; };
		CEAD8FE8279D67F100B3C931 /* ProfileViewController.swift */ = {isa = PBXFileReference; lastKnownFileType = sourcecode.swift; path = ProfileViewController.swift; sourceTree = "<group>"; };
		CED4D36E27FA248B0091E446 /* MainTabBarController.swift */ = {isa = PBXFileReference; lastKnownFileType = sourcecode.swift; path = MainTabBarController.swift; sourceTree = "<group>"; };
		CED4D37027FA25C00091E446 /* MenuViewController.swift */ = {isa = PBXFileReference; lastKnownFileType = sourcecode.swift; path = MenuViewController.swift; sourceTree = "<group>"; };
		CED4D37227FA25E00091E446 /* FavoriteViewController.swift */ = {isa = PBXFileReference; lastKnownFileType = sourcecode.swift; path = FavoriteViewController.swift; sourceTree = "<group>"; };
		CED4D37427FA25FE0091E446 /* OrderHistoryViewController.swift */ = {isa = PBXFileReference; lastKnownFileType = sourcecode.swift; path = OrderHistoryViewController.swift; sourceTree = "<group>"; };
		CED4D37627FA26150091E446 /* AboutViewController.swift */ = {isa = PBXFileReference; lastKnownFileType = sourcecode.swift; path = AboutViewController.swift; sourceTree = "<group>"; };
/* End PBXFileReference section */

/* Begin PBXFrameworksBuildPhase section */
		CEAD8FC8279D5D6300B3C931 /* Frameworks */ = {
			isa = PBXFrameworksBuildPhase;
			buildActionMask = 2147483647;
			files = (
			);
			runOnlyForDeploymentPostprocessing = 0;
		};
/* End PBXFrameworksBuildPhase section */

/* Begin PBXGroup section */
		CE9C3B3A27A2E1F400097502 /* Extensions */ = {
			isa = PBXGroup;
			children = (
				CE9AD4B127A2CE7C00E97143 /* UserDefaults+Local.swift */,
			);
			path = Extensions;
			sourceTree = "<group>";
		};
		CEAD8FC2279D5D6300B3C931 = {
			isa = PBXGroup;
			children = (
				CEAD8FCD279D5D6300B3C931 /* House */,
				CEAD8FCC279D5D6300B3C931 /* Products */,
			);
			sourceTree = "<group>";
		};
		CEAD8FCC279D5D6300B3C931 /* Products */ = {
			isa = PBXGroup;
			children = (
				CEAD8FCB279D5D6300B3C931 /* House.app */,
			);
			name = Products;
			sourceTree = "<group>";
		};
		CEAD8FCD279D5D6300B3C931 /* House */ = {
			isa = PBXGroup;
			children = (
				CE9AD4B027A2C23A00E97143 /* House.entitlements */,
				CEAD8FEA279DDD7D00B3C931 /* Navigation */,
				CED4D36E27FA248B0091E446 /* MainTabBarController.swift */,
				CED4D37827FA26370091E446 /* Modules */,
				CEAD8FCE279D5D6300B3C931 /* AppDelegate.swift */,
				CEAD8FD0279D5D6300B3C931 /* SceneDelegate.swift */,
				CEAD8FD2279D5D6300B3C931 /* ViewController.swift */,
				CEAD8FE8279D67F100B3C931 /* ProfileViewController.swift */,
				CE9C3B3A27A2E1F400097502 /* Extensions */,
				CEAD8FD4279D5D6300B3C931 /* Main.storyboard */,
				CEAD8FD7279D5D6500B3C931 /* Assets.xcassets */,
				CEAD8FD9279D5D6500B3C931 /* LaunchScreen.storyboard */,
				CEAD8FDC279D5D6500B3C931 /* Info.plist */,
			);
			path = House;
			sourceTree = "<group>";
		};
		CEAD8FEA279DDD7D00B3C931 /* Navigation */ = {
			isa = PBXGroup;
			children = (
				CEAD8FE2279D618900B3C931 /* Coordinator.swift */,
				CEAD8FE6279D63B000B3C931 /* MainCoordinator.swift */,
				CEAD8FE4279D61FF00B3C931 /* Stroyboarded.swift */,
			);
			path = Navigation;
			sourceTree = "<group>";
		};
		CED4D37827FA26370091E446 /* Modules */ = {
			isa = PBXGroup;
			children = (
				CED4D37027FA25C00091E446 /* MenuViewController.swift */,
				CED4D37227FA25E00091E446 /* FavoriteViewController.swift */,
				CED4D37427FA25FE0091E446 /* OrderHistoryViewController.swift */,
				CED4D37627FA26150091E446 /* AboutViewController.swift */,
			);
			path = Modules;
			sourceTree = "<group>";
		};
/* End PBXGroup section */

/* Begin PBXNativeTarget section */
		CEAD8FCA279D5D6300B3C931 /* House */ = {
			isa = PBXNativeTarget;
			buildConfigurationList = CEAD8FDF279D5D6500B3C931 /* Build configuration list for PBXNativeTarget "House" */;
			buildPhases = (
				CEAD8FC7279D5D6300B3C931 /* Sources */,
				CEAD8FC8279D5D6300B3C931 /* Frameworks */,
				CEAD8FC9279D5D6300B3C931 /* Resources */,
			);
			buildRules = (
			);
			dependencies = (
			);
			name = House;
			productName = House;
			productReference = CEAD8FCB279D5D6300B3C931 /* House.app */;
			productType = "com.apple.product-type.application";
		};
/* End PBXNativeTarget section */

/* Begin PBXProject section */
		CEAD8FC3279D5D6300B3C931 /* Project object */ = {
			isa = PBXProject;
			attributes = {
				BuildIndependentTargetsInParallel = 1;
				LastSwiftUpdateCheck = 1300;
				LastUpgradeCheck = 1300;
				TargetAttributes = {
					CEAD8FCA279D5D6300B3C931 = {
						CreatedOnToolsVersion = 13.0;
					};
				};
			};
			buildConfigurationList = CEAD8FC6279D5D6300B3C931 /* Build configuration list for PBXProject "House" */;
			compatibilityVersion = "Xcode 13.0";
			developmentRegion = en;
			hasScannedForEncodings = 0;
			knownRegions = (
				en,
				Base,
			);
			mainGroup = CEAD8FC2279D5D6300B3C931;
			productRefGroup = CEAD8FCC279D5D6300B3C931 /* Products */;
			projectDirPath = "";
			projectRoot = "";
			targets = (
				CEAD8FCA279D5D6300B3C931 /* House */,
			);
		};
/* End PBXProject section */

/* Begin PBXResourcesBuildPhase section */
		CEAD8FC9279D5D6300B3C931 /* Resources */ = {
			isa = PBXResourcesBuildPhase;
			buildActionMask = 2147483647;
			files = (
				CEAD8FDB279D5D6500B3C931 /* LaunchScreen.storyboard in Resources */,
				CEAD8FD8279D5D6500B3C931 /* Assets.xcassets in Resources */,
				CEAD8FD6279D5D6300B3C931 /* Main.storyboard in Resources */,
			);
			runOnlyForDeploymentPostprocessing = 0;
		};
/* End PBXResourcesBuildPhase section */

/* Begin PBXSourcesBuildPhase section */
		CEAD8FC7279D5D6300B3C931 /* Sources */ = {
			isa = PBXSourcesBuildPhase;
			buildActionMask = 2147483647;
			files = (
				CED4D37527FA25FE0091E446 /* OrderHistoryViewController.swift in Sources */,
				CED4D37327FA25E00091E446 /* FavoriteViewController.swift in Sources */,
				CE9AD4B227A2CE7C00E97143 /* UserDefaults+Local.swift in Sources */,
				CED4D37127FA25C00091E446 /* MenuViewController.swift in Sources */,
				CEAD8FE3279D618900B3C931 /* Coordinator.swift in Sources */,
				CED4D36F27FA248B0091E446 /* MainTabBarController.swift in Sources */,
				CEAD8FE7279D63B000B3C931 /* MainCoordinator.swift in Sources */,
				CEAD8FE5279D61FF00B3C931 /* Stroyboarded.swift in Sources */,
				CEAD8FD3279D5D6300B3C931 /* ViewController.swift in Sources */,
				CEAD8FE9279D67F100B3C931 /* ProfileViewController.swift in Sources */,
				CEAD8FCF279D5D6300B3C931 /* AppDelegate.swift in Sources */,
				CED4D37727FA26150091E446 /* AboutViewController.swift in Sources */,
				CEAD8FD1279D5D6300B3C931 /* SceneDelegate.swift in Sources */,
			);
			runOnlyForDeploymentPostprocessing = 0;
		};
/* End PBXSourcesBuildPhase section */

/* Begin PBXVariantGroup section */
		CEAD8FD4279D5D6300B3C931 /* Main.storyboard */ = {
			isa = PBXVariantGroup;
			children = (
				CEAD8FD5279D5D6300B3C931 /* Base */,
			);
			name = Main.storyboard;
			sourceTree = "<group>";
		};
		CEAD8FD9279D5D6500B3C931 /* LaunchScreen.storyboard */ = {
			isa = PBXVariantGroup;
			children = (
				CEAD8FDA279D5D6500B3C931 /* Base */,
			);
			name = LaunchScreen.storyboard;
			sourceTree = "<group>";
		};
/* End PBXVariantGroup section */

/* Begin XCBuildConfiguration section */
		CEAD8FDD279D5D6500B3C931 /* Debug */ = {
			isa = XCBuildConfiguration;
			buildSettings = {
				ALWAYS_SEARCH_USER_PATHS = NO;
				CLANG_ANALYZER_NONNULL = YES;
				CLANG_ANALYZER_NUMBER_OBJECT_CONVERSION = YES_AGGRESSIVE;
				CLANG_CXX_LANGUAGE_STANDARD = "gnu++17";
				CLANG_CXX_LIBRARY = "libc++";
				CLANG_ENABLE_MODULES = YES;
				CLANG_ENABLE_OBJC_ARC = YES;
				CLANG_ENABLE_OBJC_WEAK = YES;
				CLANG_WARN_BLOCK_CAPTURE_AUTORELEASING = YES;
				CLANG_WARN_BOOL_CONVERSION = YES;
				CLANG_WARN_COMMA = YES;
				CLANG_WARN_CONSTANT_CONVERSION = YES;
				CLANG_WARN_DEPRECATED_OBJC_IMPLEMENTATIONS = YES;
				CLANG_WARN_DIRECT_OBJC_ISA_USAGE = YES_ERROR;
				CLANG_WARN_DOCUMENTATION_COMMENTS = YES;
				CLANG_WARN_EMPTY_BODY = YES;
				CLANG_WARN_ENUM_CONVERSION = YES;
				CLANG_WARN_INFINITE_RECURSION = YES;
				CLANG_WARN_INT_CONVERSION = YES;
				CLANG_WARN_NON_LITERAL_NULL_CONVERSION = YES;
				CLANG_WARN_OBJC_IMPLICIT_RETAIN_SELF = YES;
				CLANG_WARN_OBJC_LITERAL_CONVERSION = YES;
				CLANG_WARN_OBJC_ROOT_CLASS = YES_ERROR;
				CLANG_WARN_QUOTED_INCLUDE_IN_FRAMEWORK_HEADER = YES;
				CLANG_WARN_RANGE_LOOP_ANALYSIS = YES;
				CLANG_WARN_STRICT_PROTOTYPES = YES;
				CLANG_WARN_SUSPICIOUS_MOVE = YES;
				CLANG_WARN_UNGUARDED_AVAILABILITY = YES_AGGRESSIVE;
				CLANG_WARN_UNREACHABLE_CODE = YES;
				CLANG_WARN__DUPLICATE_METHOD_MATCH = YES;
				COPY_PHASE_STRIP = NO;
				DEBUG_INFORMATION_FORMAT = dwarf;
				ENABLE_STRICT_OBJC_MSGSEND = YES;
				ENABLE_TESTABILITY = YES;
				GCC_C_LANGUAGE_STANDARD = gnu11;
				GCC_DYNAMIC_NO_PIC = NO;
				GCC_NO_COMMON_BLOCKS = YES;
				GCC_OPTIMIZATION_LEVEL = 0;
				GCC_PREPROCESSOR_DEFINITIONS = (
					"DEBUG=1",
					"$(inherited)",
				);
				GCC_WARN_64_TO_32_BIT_CONVERSION = YES;
				GCC_WARN_ABOUT_RETURN_TYPE = YES_ERROR;
				GCC_WARN_UNDECLARED_SELECTOR = YES;
				GCC_WARN_UNINITIALIZED_AUTOS = YES_AGGRESSIVE;
				GCC_WARN_UNUSED_FUNCTION = YES;
				GCC_WARN_UNUSED_VARIABLE = YES;
				IPHONEOS_DEPLOYMENT_TARGET = 15.0;
				MTL_ENABLE_DEBUG_INFO = INCLUDE_SOURCE;
				MTL_FAST_MATH = YES;
				ONLY_ACTIVE_ARCH = YES;
				SDKROOT = iphoneos;
				SWIFT_ACTIVE_COMPILATION_CONDITIONS = DEBUG;
				SWIFT_OPTIMIZATION_LEVEL = "-Onone";
			};
			name = Debug;
		};
		CEAD8FDE279D5D6500B3C931 /* Release */ = {
			isa = XCBuildConfiguration;
			buildSettings = {
				ALWAYS_SEARCH_USER_PATHS = NO;
				CLANG_ANALYZER_NONNULL = YES;
				CLANG_ANALYZER_NUMBER_OBJECT_CONVERSION = YES_AGGRESSIVE;
				CLANG_CXX_LANGUAGE_STANDARD = "gnu++17";
				CLANG_CXX_LIBRARY = "libc++";
				CLANG_ENABLE_MODULES = YES;
				CLANG_ENABLE_OBJC_ARC = YES;
				CLANG_ENABLE_OBJC_WEAK = YES;
				CLANG_WARN_BLOCK_CAPTURE_AUTORELEASING = YES;
				CLANG_WARN_BOOL_CONVERSION = YES;
				CLANG_WARN_COMMA = YES;
				CLANG_WARN_CONSTANT_CONVERSION = YES;
				CLANG_WARN_DEPRECATED_OBJC_IMPLEMENTATIONS = YES;
				CLANG_WARN_DIRECT_OBJC_ISA_USAGE = YES_ERROR;
				CLANG_WARN_DOCUMENTATION_COMMENTS = YES;
				CLANG_WARN_EMPTY_BODY = YES;
				CLANG_WARN_ENUM_CONVERSION = YES;
				CLANG_WARN_INFINITE_RECURSION = YES;
				CLANG_WARN_INT_CONVERSION = YES;
				CLANG_WARN_NON_LITERAL_NULL_CONVERSION = YES;
				CLANG_WARN_OBJC_IMPLICIT_RETAIN_SELF = YES;
				CLANG_WARN_OBJC_LITERAL_CONVERSION = YES;
				CLANG_WARN_OBJC_ROOT_CLASS = YES_ERROR;
				CLANG_WARN_QUOTED_INCLUDE_IN_FRAMEWORK_HEADER = YES;
				CLANG_WARN_RANGE_LOOP_ANALYSIS = YES;
				CLANG_WARN_STRICT_PROTOTYPES = YES;
				CLANG_WARN_SUSPICIOUS_MOVE = YES;
				CLANG_WARN_UNGUARDED_AVAILABILITY = YES_AGGRESSIVE;
				CLANG_WARN_UNREACHABLE_CODE = YES;
				CLANG_WARN__DUPLICATE_METHOD_MATCH = YES;
				COPY_PHASE_STRIP = NO;
				DEBUG_INFORMATION_FORMAT = "dwarf-with-dsym";
				ENABLE_NS_ASSERTIONS = NO;
				ENABLE_STRICT_OBJC_MSGSEND = YES;
				GCC_C_LANGUAGE_STANDARD = gnu11;
				GCC_NO_COMMON_BLOCKS = YES;
				GCC_WARN_64_TO_32_BIT_CONVERSION = YES;
				GCC_WARN_ABOUT_RETURN_TYPE = YES_ERROR;
				GCC_WARN_UNDECLARED_SELECTOR = YES;
				GCC_WARN_UNINITIALIZED_AUTOS = YES_AGGRESSIVE;
				GCC_WARN_UNUSED_FUNCTION = YES;
				GCC_WARN_UNUSED_VARIABLE = YES;
				IPHONEOS_DEPLOYMENT_TARGET = 15.0;
				MTL_ENABLE_DEBUG_INFO = NO;
				MTL_FAST_MATH = YES;
				SDKROOT = iphoneos;
				SWIFT_COMPILATION_MODE = wholemodule;
				SWIFT_OPTIMIZATION_LEVEL = "-O";
				VALIDATE_PRODUCT = YES;
			};
			name = Release;
		};
		CEAD8FE0279D5D6500B3C931 /* Debug */ = {
			isa = XCBuildConfiguration;
			buildSettings = {
				ASSETCATALOG_COMPILER_APPICON_NAME = AppIcon;
				ASSETCATALOG_COMPILER_GLOBAL_ACCENT_COLOR_NAME = AccentColor;
				CODE_SIGN_ENTITLEMENTS = House/House.entitlements;
				CODE_SIGN_STYLE = Automatic;
				CURRENT_PROJECT_VERSION = 1;
				DEVELOPMENT_TEAM = 4PR4N2FLE7;
				GENERATE_INFOPLIST_FILE = YES;
				INFOPLIST_FILE = House/Info.plist;
				INFOPLIST_KEY_UIApplicationSupportsIndirectInputEvents = YES;
				INFOPLIST_KEY_UILaunchStoryboardName = LaunchScreen;
				INFOPLIST_KEY_UISupportedInterfaceOrientations_iPad = "UIInterfaceOrientationPortrait UIInterfaceOrientationPortraitUpsideDown UIInterfaceOrientationLandscapeLeft UIInterfaceOrientationLandscapeRight";
				INFOPLIST_KEY_UISupportedInterfaceOrientations_iPhone = "UIInterfaceOrientationPortrait UIInterfaceOrientationLandscapeLeft UIInterfaceOrientationLandscapeRight";
				LD_RUNPATH_SEARCH_PATHS = (
					"$(inherited)",
					"@executable_path/Frameworks",
				);
				MARKETING_VERSION = 1.0;
				PRODUCT_BUNDLE_IDENTIFIER = com.md.ihor.tarabanov.House;
				PRODUCT_NAME = "$(TARGET_NAME)";
				SWIFT_EMIT_LOC_STRINGS = YES;
				SWIFT_VERSION = 5.0;
				TARGETED_DEVICE_FAMILY = "1,2";
			};
			name = Debug;
		};
		CEAD8FE1279D5D6500B3C931 /* Release */ = {
			isa = XCBuildConfiguration;
			buildSettings = {
				ASSETCATALOG_COMPILER_APPICON_NAME = AppIcon;
				ASSETCATALOG_COMPILER_GLOBAL_ACCENT_COLOR_NAME = AccentColor;
				CODE_SIGN_ENTITLEMENTS = House/House.entitlements;
				CODE_SIGN_IDENTITY = "Apple Development";
				CODE_SIGN_STYLE = Automatic;
				CURRENT_PROJECT_VERSION = 1;
				DEVELOPMENT_TEAM = 4PR4N2FLE7;
				GENERATE_INFOPLIST_FILE = YES;
				INFOPLIST_FILE = House/Info.plist;
				INFOPLIST_KEY_UIApplicationSupportsIndirectInputEvents = YES;
				INFOPLIST_KEY_UILaunchStoryboardName = LaunchScreen;
				INFOPLIST_KEY_UISupportedInterfaceOrientations_iPad = "UIInterfaceOrientationPortrait UIInterfaceOrientationPortraitUpsideDown UIInterfaceOrientationLandscapeLeft UIInterfaceOrientationLandscapeRight";
				INFOPLIST_KEY_UISupportedInterfaceOrientations_iPhone = "UIInterfaceOrientationPortrait UIInterfaceOrientationLandscapeLeft UIInterfaceOrientationLandscapeRight";
				LD_RUNPATH_SEARCH_PATHS = (
					"$(inherited)",
					"@executable_path/Frameworks",
				);
				MARKETING_VERSION = 1.0;
				PRODUCT_BUNDLE_IDENTIFIER = com.md.ihor.tarabanov.House;
				PRODUCT_NAME = "$(TARGET_NAME)";
				PROVISIONING_PROFILE_SPECIFIER = "";
				SWIFT_EMIT_LOC_STRINGS = YES;
				SWIFT_VERSION = 5.0;
				TARGETED_DEVICE_FAMILY = "1,2";
			};
			name = Release;
		};
/* End XCBuildConfiguration section */

/* Begin XCConfigurationList section */
		CEAD8FC6279D5D6300B3C931 /* Build configuration list for PBXProject "House" */ = {
			isa = XCConfigurationList;
			buildConfigurations = (
				CEAD8FDD279D5D6500B3C931 /* Debug */,
				CEAD8FDE279D5D6500B3C931 /* Release */,
			);
			defaultConfigurationIsVisible = 0;
			defaultConfigurationName = Release;
		};
		CEAD8FDF279D5D6500B3C931 /* Build configuration list for PBXNativeTarget "House" */ = {
			isa = XCConfigurationList;
			buildConfigurations = (
				CEAD8FE0279D5D6500B3C931 /* Debug */,
				CEAD8FE1279D5D6500B3C931 /* Release */,
			);
			defaultConfigurationIsVisible = 0;
			defaultConfigurationName = Release;
		};
/* End XCConfigurationList section */
	};
	rootObject = CEAD8FC3279D5D6300B3C931 /* Project object */;
}
